{
  "name": "coinflip",
  "version": "1.0.0",
  "lockfileVersion": 3,
  "requires": true,
  "packages": {
    "": {
      "name": "coinflip",
      "version": "1.0.0",
      "license": "MIT",
      "devDependencies": {
        "@tauri-apps/cli": "^2.0.0"
      }
    },
    "node_modules/@tauri-apps/cli": {
      "version": "2.0.0",
      "resolved": "https://registry.npmjs.org/@tauri-apps/cli/-/cli-2.0.0.tgz",
      "integrity": "sha512-xxmPllRa6w/LRRcPczST3yHrYoi8l6ZZmzwabEmM0cgDdhVDmX+Y4oDJkiKD+8cVdxwwEzIuIKuaCwsX8iNsgA==",
      "dev": true,
      "bin": {
        "tauri": "tauri.js"
      },
      "engines": {
        "node": ">= 10"
      },
      "funding": {
        "type": "opencollective",
        "url": "https://opencollective.com/tauri"
      },
      "optionalDependencies": {
        "@tauri-apps/cli-darwin-arm64": "2.0.0",
        "@tauri-apps/cli-darwin-x64": "2.0.0",
        "@tauri-apps/cli-linux-arm-gnueabihf": "2.0.0",
        "@tauri-apps/cli-linux-arm64-gnu": "2.0.0",
        "@tauri-apps/cli-linux-arm64-musl": "2.0.0",
        "@tauri-apps/cli-linux-x64-gnu": "2.0.0",
        "@tauri-apps/cli-linux-x64-musl": "2.0.0",
        "@tauri-apps/cli-win32-arm64-msvc": "2.0.0",
        "@tauri-apps/cli-win32-ia32-msvc": "2.0.0",
        "@tauri-apps/cli-win32-x64-msvc": "2.0.0"
      }
    },
    "node_modules/@tauri-apps/cli-win32-x64-msvc": {
      "version": "2.0.0",
      "resolved": "https://registry.npmjs.org/@tauri-apps/cli-win32-x64-msvc/-/cli-win32-x64-msvc-2.0.0.tgz",
      "integrity": "sha512-oFlo14YMsvyhJHmmHgRuOpJ1L9w15193c1Nfj1DksS2LHj6tLzirI7YrAF9inY/XjHFjNHzYPmBpABibkf/9wQ==",
      "cpu": [
        "x64"
      ],
      "dev": true,
      "optional": true,
      "os": [
        "win32"
      ],
      "engines": {
        "node": ">= 10"
      }
    }
  }
}
